
Microsoft Visual Studio Solution File, Format Version 12.00
# Visual Studio Version 17
VisualStudioVersion = 17.5.002.0
MinimumVisualStudioVersion = 10.0.40219.1
Project("{9A19103F-16F7-4668-BE54-9A1E7A4F7556}") = "CoreWebApi", "CoreWebApi.csproj", "{FE86304A-01A4-4074-9F63-DE79E903F305}"
EndProject
Global
	GlobalSection(SolutionConfigurationPlatforms) = preSolution
		Debug|Any CPU = Debug|Any CPU
		Release|Any CPU = Release|Any CPU
	EndGlobalSection
	GlobalSection(ProjectConfigurationPlatforms) = postSolution
		{FE86304A-01A4-4074-9F63-DE79E903F305}.Debug|Any CPU.ActiveCfg = Debug|Any CPU
		{FE86304A-01A4-4074-9F63-DE79E903F305}.Debug|Any CPU.Build.0 = Debug|Any CPU
		{FE86304A-01A4-4074-9F63-DE79E903F305}.Release|Any CPU.ActiveCfg = Release|Any CPU
		{FE86304A-01A4-4074-9F63-DE79E903F305}.Release|Any CPU.Build.0 = Release|Any CPU
	EndGlobalSection
	GlobalSection(SolutionProperties) = preSolution
		HideSolutionNode = FALSE
	EndGlobalSection
	GlobalSection(ExtensibilityGlobals) = postSolution
		SolutionGuid = {AE3A502E-FEC0-4A4C-84C0-FCDF9635BB76}
	EndGlobalSection
EndGlobal
